
Microsoft Visual Studio Solution File, Format Version 12.00
# Visual Studio Version 17
VisualStudioVersion = 17.6.33815.320
MinimumVisualStudioVersion = 10.0.40219.1
Project("{FAE04EC0-301F-11D3-BF4B-00C04F79EFBC}") = "Beam to column Connection", "Beam to column Connection\Beam to column Connection.csproj", "{F4E7B7BE-3E33-4D44-93E2-F382E40871C2}"
EndProject
Global
	GlobalSection(SolutionConfigurationPlatforms) = preSolution
		Debug|Any CPU = Debug|Any CPU
		Release|Any CPU = Release|Any CPU
	EndGlobalSection
	GlobalSection(ProjectConfigurationPlatforms) = postSolution
		{F4E7B7BE-3E33-4D44-93E2-F382E40871C2}.Debug|Any CPU.ActiveCfg = Debug|Any CPU
		{F4E7B7BE-3E33-4D44-93E2-F382E40871C2}.Debug|Any CPU.Build.0 = Debug|Any CPU
		{F4E7B7BE-3E33-4D44-93E2-F382E40871C2}.Release|Any CPU.ActiveCfg = Release|Any CPU
		{F4E7B7BE-3E33-4D44-93E2-F382E40871C2}.Release|Any CPU.Build.0 = Release|Any CPU
	EndGlobalSection
	GlobalSection(SolutionProperties) = preSolution
		HideSolutionNode = FALSE
	EndGlobalSection
	GlobalSection(ExtensibilityGlobals) = postSolution
		SolutionGuid = {90086BC2-FF39-4583-87AA-E1D9EF56E9A2}
	EndGlobalSection
EndGlobal
